// !$*UTF8*$!
{
	archiveVersion = 1;
	classes = {
	};
	objectVersion = 55;
	objects = {

/* Begin PBXBuildFile section */
		5E041267284E1D6100E4EEA6 /* AppDelegate.swift in Sources */ = {isa = PBXBuildFile; fileRef = 5E041266284E1D6100E4EEA6 /* AppDelegate.swift */; };
		5E041269284E1D6100E4EEA6 /* SceneDelegate.swift in Sources */ = {isa = PBXBuildFile; fileRef = 5E041268284E1D6100E4EEA6 /* SceneDelegate.swift */; };
		5E04126B284E1D6100E4EEA6 /* ViewController.swift in Sources */ = {isa = PBXBuildFile; fileRef = 5E04126A284E1D6100E4EEA6 /* ViewController.swift */; };
		5E04126E284E1D6100E4EEA6 /* Main.storyboard in Resources */ = {isa = PBXBuildFile; fileRef = 5E04126C284E1D6100E4EEA6 /* Main.storyboard */; };
		5E041271284E1D6100E4EEA6 /* ContactProject.xcdatamodeld in Sources */ = {isa = PBXBuildFile; fileRef = 5E04126F284E1D6100E4EEA6 /* ContactProject.xcdatamodeld */; };
		5E041273284E1D6500E4EEA6 /* Assets.xcassets in Resources */ = {isa = PBXBuildFile; fileRef = 5E041272284E1D6500E4EEA6 /* Assets.xcassets */; };
		5E041276284E1D6500E4EEA6 /* LaunchScreen.storyboard in Resources */ = {isa = PBXBuildFile; fileRef = 5E041274284E1D6500E4EEA6 /* LaunchScreen.storyboard */; };
		5E04127F284F379E00E4EEA6 /* Contacts+CoreDataClass.swift in Sources */ = {isa = PBXBuildFile; fileRef = 5E04127D284F379E00E4EEA6 /* Contacts+CoreDataClass.swift */; };
		5E041280284F379E00E4EEA6 /* Contacts+CoreDataProperties.swift in Sources */ = {isa = PBXBuildFile; fileRef = 5E04127E284F379E00E4EEA6 /* Contacts+CoreDataProperties.swift */; };
		5E268F2D284F742C00DF5CBD /* Note in Resources */ = {isa = PBXBuildFile; fileRef = 5E268F2C284F742C00DF5CBD /* Note */; };
		5E268F2F284F768F00DF5CBD /* AddContact.swift in Sources */ = {isa = PBXBuildFile; fileRef = 5E268F2E284F768F00DF5CBD /* AddContact.swift */; };
		654A0822B235F82D4D35BDBF /* Pods_ContactProject.framework in Frameworks */ = {isa = PBXBuildFile; fileRef = 87AA25E585E62999786CFE08 /* Pods_ContactProject.framework */; };
/* End PBXBuildFile section */

/* Begin PBXFileReference section */
		5E041263284E1D6100E4EEA6 /* ContactProject.app */ = {isa = PBXFileReference; explicitFileType = wrapper.application; includeInIndex = 0; path = ContactProject.app; sourceTree = BUILT_PRODUCTS_DIR; };
		5E041266284E1D6100E4EEA6 /* AppDelegate.swift */ = {isa = PBXFileReference; lastKnownFileType = sourcecode.swift; path = AppDelegate.swift; sourceTree = "<group>"; };
		5E041268284E1D6100E4EEA6 /* SceneDelegate.swift */ = {isa = PBXFileReference; lastKnownFileType = sourcecode.swift; path = SceneDelegate.swift; sourceTree = "<group>"; };
		5E04126A284E1D6100E4EEA6 /* ViewController.swift */ = {isa = PBXFileReference; lastKnownFileType = sourcecode.swift; path = ViewController.swift; sourceTree = "<group>"; };
		5E04126D284E1D6100E4EEA6 /* Base */ = {isa = PBXFileReference; lastKnownFileType = file.storyboard; name = Base; path = Base.lproj/Main.storyboard; sourceTree = "<group>"; };
		5E041270284E1D6100E4EEA6 /* ContactProject.xcdatamodel */ = {isa = PBXFileReference; lastKnownFileType = wrapper.xcdatamodel; path = ContactProject.xcdatamodel; sourceTree = "<group>"; };
		5E041272284E1D6500E4EEA6 /* Assets.xcassets */ = {isa = PBXFileReference; lastKnownFileType = folder.assetcatalog; path = Assets.xcassets; sourceTree = "<group>"; };
		5E041275284E1D6500E4EEA6 /* Base */ = {isa = PBXFileReference; lastKnownFileType = file.storyboard; name = Base; path = Base.lproj/LaunchScreen.storyboard; sourceTree = "<group>"; };
		5E041277284E1D6500E4EEA6 /* Info.plist */ = {isa = PBXFileReference; lastKnownFileType = text.plist.xml; path = Info.plist; sourceTree = "<group>"; };
		5E04127D284F379E00E4EEA6 /* Contacts+CoreDataClass.swift */ = {isa = PBXFileReference; lastKnownFileType = sourcecode.swift; path = "Contacts+CoreDataClass.swift"; sourceTree = "<group>"; };
		5E04127E284F379E00E4EEA6 /* Contacts+CoreDataProperties.swift */ = {isa = PBXFileReference; lastKnownFileType = sourcecode.swift; path = "Contacts+CoreDataProperties.swift"; sourceTree = "<group>"; };
		5E268F2C284F742C00DF5CBD /* Note */ = {isa = PBXFileReference; lastKnownFileType = text; path = Note; sourceTree = "<group>"; };
		5E268F2E284F768F00DF5CBD /* AddContact.swift */ = {isa = PBXFileReference; lastKnownFileType = sourcecode.swift; path = AddContact.swift; sourceTree = "<group>"; };
		87AA25E585E62999786CFE08 /* Pods_ContactProject.framework */ = {isa = PBXFileReference; explicitFileType = wrapper.framework; includeInIndex = 0; path = Pods_ContactProject.framework; sourceTree = BUILT_PRODUCTS_DIR; };
		9F1A329C8C955BB060876F84 /* Pods-ContactProject.debug.xcconfig */ = {isa = PBXFileReference; includeInIndex = 1; lastKnownFileType = text.xcconfig; name = "Pods-ContactProject.debug.xcconfig"; path = "Target Support Files/Pods-ContactProject/Pods-ContactProject.debug.xcconfig"; sourceTree = "<group>"; };
		E4492F96F3FC9AF5CEE406CD /* Pods-ContactProject.release.xcconfig */ = {isa = PBXFileReference; includeInIndex = 1; lastKnownFileType = text.xcconfig; name = "Pods-ContactProject.release.xcconfig"; path = "Target Support Files/Pods-ContactProject/Pods-ContactProject.release.xcconfig"; sourceTree = "<group>"; };
/* End PBXFileReference section */

/* Begin PBXFrameworksBuildPhase section */
		5E041260284E1D6100E4EEA6 /* Frameworks */ = {
			isa = PBXFrameworksBuildPhase;
			buildActionMask = 2147483647;
			files = (
				654A0822B235F82D4D35BDBF /* Pods_ContactProject.framework in Frameworks */,
			);
			runOnlyForDeploymentPostprocessing = 0;
		};
/* End PBXFrameworksBuildPhase section */

/* Begin PBXGroup section */
		5E04125A284E1D6100E4EEA6 = {
			isa = PBXGroup;
			children = (
				5E041265284E1D6100E4EEA6 /* ContactProject */,
				5E041264284E1D6100E4EEA6 /* Products */,
				D574DC6061EEF3EC6120B0FA /* Pods */,
				67FD25D7337DBEE9DA1605CD /* Frameworks */,
			);
			sourceTree = "<group>";
		};
		5E041264284E1D6100E4EEA6 /* Products */ = {
			isa = PBXGroup;
			children = (
				5E041263284E1D6100E4EEA6 /* ContactProject.app */,
			);
			name = Products;
			sourceTree = "<group>";
		};
		5E041265284E1D6100E4EEA6 /* ContactProject */ = {
			isa = PBXGroup;
			children = (
				5E041266284E1D6100E4EEA6 /* AppDelegate.swift */,
				5E041268284E1D6100E4EEA6 /* SceneDelegate.swift */,
				5E04126A284E1D6100E4EEA6 /* ViewController.swift */,
				5E268F2E284F768F00DF5CBD /* AddContact.swift */,
				5E268F2C284F742C00DF5CBD /* Note */,
				5E041281284F37C100E4EEA6 /* Model */,
				5E04126C284E1D6100E4EEA6 /* Main.storyboard */,
				5E041272284E1D6500E4EEA6 /* Assets.xcassets */,
				5E041274284E1D6500E4EEA6 /* LaunchScreen.storyboard */,
				5E041277284E1D6500E4EEA6 /* Info.plist */,
				5E04126F284E1D6100E4EEA6 /* ContactProject.xcdatamodeld */,
			);
			path = ContactProject;
			sourceTree = "<group>";
		};
		5E041281284F37C100E4EEA6 /* Model */ = {
			isa = PBXGroup;
			children = (
				5E04127D284F379E00E4EEA6 /* Contacts+CoreDataClass.swift */,
				5E04127E284F379E00E4EEA6 /* Contacts+CoreDataProperties.swift */,
			);
			path = Model;
			sourceTree = "<group>";
		};
		67FD25D7337DBEE9DA1605CD /* Frameworks */ = {
			isa = PBXGroup;
			children = (
				87AA25E585E62999786CFE08 /* Pods_ContactProject.framework */,
			);
			name = Frameworks;
			sourceTree = "<group>";
		};
		D574DC6061EEF3EC6120B0FA /* Pods */ = {
			isa = PBXGroup;
			children = (
				9F1A329C8C955BB060876F84 /* Pods-ContactProject.debug.xcconfig */,
				E4492F96F3FC9AF5CEE406CD /* Pods-ContactProject.release.xcconfig */,
			);
			name = Pods;
			path = Pods;
			sourceTree = "<group>";
		};
/* End PBXGroup section */

/* Begin PBXNativeTarget section */
		5E041262284E1D6100E4EEA6 /* ContactProject */ = {
			isa = PBXNativeTarget;
			buildConfigurationList = 5E04127A284E1D6500E4EEA6 /* Build configuration list for PBXNativeTarget "ContactProject" */;
			buildPhases = (
				88D19F6099A9B9B3551B6AEB /* [CP] Check Pods Manifest.lock */,
				5E04125F284E1D6100E4EEA6 /* Sources */,
				5E041260284E1D6100E4EEA6 /* Frameworks */,
				5E041261284E1D6100E4EEA6 /* Resources */,
				97FC255308D44E2543C873A8 /* [CP] Embed Pods Frameworks */,
			);
			buildRules = (
			);
			dependencies = (
			);
			name = ContactProject;
			productName = ContactProject;
			productReference = 5E041263284E1D6100E4EEA6 /* ContactProject.app */;
			productType = "com.apple.product-type.application";
		};
/* End PBXNativeTarget section */

/* Begin PBXProject section */
		5E04125B284E1D6100E4EEA6 /* Project object */ = {
			isa = PBXProject;
			attributes = {
				BuildIndependentTargetsInParallel = 1;
				LastSwiftUpdateCheck = 1330;
				LastUpgradeCheck = 1330;
				TargetAttributes = {
					5E041262284E1D6100E4EEA6 = {
						CreatedOnToolsVersion = 13.3;
					};
				};
			};
			buildConfigurationList = 5E04125E284E1D6100E4EEA6 /* Build configuration list for PBXProject "ContactProject" */;
			compatibilityVersion = "Xcode 13.0";
			developmentRegion = en;
			hasScannedForEncodings = 0;
			knownRegions = (
				en,
				Base,
			);
			mainGroup = 5E04125A284E1D6100E4EEA6;
			productRefGroup = 5E041264284E1D6100E4EEA6 /* Products */;
			projectDirPath = "";
			projectRoot = "";
			targets = (
				5E041262284E1D6100E4EEA6 /* ContactProject */,
			);
		};
/* End PBXProject section */

/* Begin PBXResourcesBuildPhase section */
		5E041261284E1D6100E4EEA6 /* Resources */ = {
			isa = PBXResourcesBuildPhase;
			buildActionMask = 2147483647;
			files = (
				5E041276284E1D6500E4EEA6 /* LaunchScreen.storyboard in Resources */,
				5E041273284E1D6500E4EEA6 /* Assets.xcassets in Resources */,
				5E268F2D284F742C00DF5CBD /* Note in Resources */,
				5E04126E284E1D6100E4EEA6 /* Main.storyboard in Resources */,
			);
			runOnlyForDeploymentPostprocessing = 0;
		};
/* End PBXResourcesBuildPhase section */

/* Begin PBXShellScriptBuildPhase section */
		88D19F6099A9B9B3551B6AEB /* [CP] Check Pods Manifest.lock */ = {
			isa = PBXShellScriptBuildPhase;
			buildActionMask = 2147483647;
			files = (
			);
			inputFileListPaths = (
			);
			inputPaths = (
				"${PODS_PODFILE_DIR_PATH}/Podfile.lock",
				"${PODS_ROOT}/Manifest.lock",
			);
			name = "[CP] Check Pods Manifest.lock";
			outputFileListPaths = (
			);
			outputPaths = (
				"$(DERIVED_FILE_DIR)/Pods-ContactProject-checkManifestLockResult.txt",
			);
			runOnlyForDeploymentPostprocessing = 0;
			shellPath = /bin/sh;
			shellScript = "diff \"${PODS_PODFILE_DIR_PATH}/Podfile.lock\" \"${PODS_ROOT}/Manifest.lock\" > /dev/null\nif [ $? != 0 ] ; then\n    # print error to STDERR\n    echo \"error: The sandbox is not in sync with the Podfile.lock. Run 'pod install' or update your CocoaPods installation.\" >&2\n    exit 1\nfi\n# This output is used by Xcode 'outputs' to avoid re-running this script phase.\necho \"SUCCESS\" > \"${SCRIPT_OUTPUT_FILE_0}\"\n";
			showEnvVarsInLog = 0;
		};
		97FC255308D44E2543C873A8 /* [CP] Embed Pods Frameworks */ = {
			isa = PBXShellScriptBuildPhase;
			buildActionMask = 2147483647;
			files = (
			);
			inputFileListPaths = (
				"${PODS_ROOT}/Target Support Files/Pods-ContactProject/Pods-ContactProject-frameworks-${CONFIGURATION}-input-files.xcfilelist",
			);
			name = "[CP] Embed Pods Frameworks";
			outputFileListPaths = (
				"${PODS_ROOT}/Target Support Files/Pods-ContactProject/Pods-ContactProject-frameworks-${CONFIGURATION}-output-files.xcfilelist",
			);
			runOnlyForDeploymentPostprocessing = 0;
			shellPath = /bin/sh;
			shellScript = "\"${PODS_ROOT}/Target Support Files/Pods-ContactProject/Pods-ContactProject-frameworks.sh\"\n";
			showEnvVarsInLog = 0;
		};
/* End PBXShellScriptBuildPhase section */

/* Begin PBXSourcesBuildPhase section */
		5E04125F284E1D6100E4EEA6 /* Sources */ = {
			isa = PBXSourcesBuildPhase;
			buildActionMask = 2147483647;
			files = (
				5E04126B284E1D6100E4EEA6 /* ViewController.swift in Sources */,
				5E268F2F284F768F00DF5CBD /* AddContact.swift in Sources */,
				5E041267284E1D6100E4EEA6 /* AppDelegate.swift in Sources */,
				5E041280284F379E00E4EEA6 /* Contacts+CoreDataProperties.swift in Sources */,
				5E041271284E1D6100E4EEA6 /* ContactProject.xcdatamodeld in Sources */,
				5E04127F284F379E00E4EEA6 /* Contacts+CoreDataClass.swift in Sources */,
				5E041269284E1D6100E4EEA6 /* SceneDelegate.swift in Sources */,
			);
			runOnlyForDeploymentPostprocessing = 0;
		};
/* End PBXSourcesBuildPhase section */

/* Begin PBXVariantGroup section */
		5E04126C284E1D6100E4EEA6 /* Main.storyboard */ = {
			isa = PBXVariantGroup;
			children = (
				5E04126D284E1D6100E4EEA6 /* Base */,
			);
			name = Main.storyboard;
			sourceTree = "<group>";
		};
		5E041274284E1D6500E4EEA6 /* LaunchScreen.storyboard */ = {
			isa = PBXVariantGroup;
			children = (
				5E041275284E1D6500E4EEA6 /* Base */,
			);
			name = LaunchScreen.storyboard;
			sourceTree = "<group>";
		};
/* End PBXVariantGroup section */

/* Begin XCBuildConfiguration section */
		5E041278284E1D6500E4EEA6 /* Debug */ = {
			isa = XCBuildConfiguration;
			buildSettings = {
				ALWAYS_SEARCH_USER_PATHS = NO;
				CLANG_ANALYZER_NONNULL = YES;
				CLANG_ANALYZER_NUMBER_OBJECT_CONVERSION = YES_AGGRESSIVE;
				CLANG_CXX_LANGUAGE_STANDARD = "gnu++17";
				CLANG_ENABLE_MODULES = YES;
				CLANG_ENABLE_OBJC_ARC = YES;
				CLANG_ENABLE_OBJC_WEAK = YES;
				CLANG_WARN_BLOCK_CAPTURE_AUTORELEASING = YES;
				CLANG_WARN_BOOL_CONVERSION = YES;
				CLANG_WARN_COMMA = YES;
				CLANG_WARN_CONSTANT_CONVERSION = YES;
				CLANG_WARN_DEPRECATED_OBJC_IMPLEMENTATIONS = YES;
				CLANG_WARN_DIRECT_OBJC_ISA_USAGE = YES_ERROR;
				CLANG_WARN_DOCUMENTATION_COMMENTS = YES;
				CLANG_WARN_EMPTY_BODY = YES;
				CLANG_WARN_ENUM_CONVERSION = YES;
				CLANG_WARN_INFINITE_RECURSION = YES;
				CLANG_WARN_INT_CONVERSION = YES;
				CLANG_WARN_NON_LITERAL_NULL_CONVERSION = YES;
				CLANG_WARN_OBJC_IMPLICIT_RETAIN_SELF = YES;
				CLANG_WARN_OBJC_LITERAL_CONVERSION = YES;
				CLANG_WARN_OBJC_ROOT_CLASS = YES_ERROR;
				CLANG_WARN_QUOTED_INCLUDE_IN_FRAMEWORK_HEADER = YES;
				CLANG_WARN_RANGE_LOOP_ANALYSIS = YES;
				CLANG_WARN_STRICT_PROTOTYPES = YES;
				CLANG_WARN_SUSPICIOUS_MOVE = YES;
				CLANG_WARN_UNGUARDED_AVAILABILITY = YES_AGGRESSIVE;
				CLANG_WARN_UNREACHABLE_CODE = YES;
				CLANG_WARN__DUPLICATE_METHOD_MATCH = YES;
				COPY_PHASE_STRIP = NO;
				DEBUG_INFORMATION_FORMAT = dwarf;
				ENABLE_STRICT_OBJC_MSGSEND = YES;
				ENABLE_TESTABILITY = YES;
				GCC_C_LANGUAGE_STANDARD = gnu11;
				GCC_DYNAMIC_NO_PIC = NO;
				GCC_NO_COMMON_BLOCKS = YES;
				GCC_OPTIMIZATION_LEVEL = 0;
				GCC_PREPROCESSOR_DEFINITIONS = (
					"DEBUG=1",
					"$(inherited)",
				);
				GCC_WARN_64_TO_32_BIT_CONVERSION = YES;
				GCC_WARN_ABOUT_RETURN_TYPE = YES_ERROR;
				GCC_WARN_UNDECLARED_SELECTOR = YES;
				GCC_WARN_UNINITIALIZED_AUTOS = YES_AGGRESSIVE;
				GCC_WARN_UNUSED_FUNCTION = YES;
				GCC_WARN_UNUSED_VARIABLE = YES;
				IPHONEOS_DEPLOYMENT_TARGET = 15.4;
				MTL_ENABLE_DEBUG_INFO = INCLUDE_SOURCE;
				MTL_FAST_MATH = YES;
				ONLY_ACTIVE_ARCH = YES;
				SDKROOT = iphoneos;
				SWIFT_ACTIVE_COMPILATION_CONDITIONS = DEBUG;
				SWIFT_OPTIMIZATION_LEVEL = "-Onone";
			};
			name = Debug;
		};
		5E041279284E1D6500E4EEA6 /* Release */ = {
			isa = XCBuildConfiguration;
			buildSettings = {
				ALWAYS_SEARCH_USER_PATHS = NO;
				CLANG_ANALYZER_NONNULL = YES;
				CLANG_ANALYZER_NUMBER_OBJECT_CONVERSION = YES_AGGRESSIVE;
				CLANG_CXX_LANGUAGE_STANDARD = "gnu++17";
				CLANG_ENABLE_MODULES = YES;
				CLANG_ENABLE_OBJC_ARC = YES;
				CLANG_ENABLE_OBJC_WEAK = YES;
				CLANG_WARN_BLOCK_CAPTURE_AUTORELEASING = YES;
				CLANG_WARN_BOOL_CONVERSION = YES;
				CLANG_WARN_COMMA = YES;
				CLANG_WARN_CONSTANT_CONVERSION = YES;
				CLANG_WARN_DEPRECATED_OBJC_IMPLEMENTATIONS = YES;
				CLANG_WARN_DIRECT_OBJC_ISA_USAGE = YES_ERROR;
				CLANG_WARN_DOCUMENTATION_COMMENTS = YES;
				CLANG_WARN_EMPTY_BODY = YES;
				CLANG_WARN_ENUM_CONVERSION = YES;
				CLANG_WARN_INFINITE_RECURSION = YES;
				CLANG_WARN_INT_CONVERSION = YES;
				CLANG_WARN_NON_LITERAL_NULL_CONVERSION = YES;
				CLANG_WARN_OBJC_IMPLICIT_RETAIN_SELF = YES;
				CLANG_WARN_OBJC_LITERAL_CONVERSION = YES;
				CLANG_WARN_OBJC_ROOT_CLASS = YES_ERROR;
				CLANG_WARN_QUOTED_INCLUDE_IN_FRAMEWORK_HEADER = YES;
				CLANG_WARN_RANGE_LOOP_ANALYSIS = YES;
				CLANG_WARN_STRICT_PROTOTYPES = YES;
				CLANG_WARN_SUSPICIOUS_MOVE = YES;
				CLANG_WARN_UNGUARDED_AVAILABILITY = YES_AGGRESSIVE;
				CLANG_WARN_UNREACHABLE_CODE = YES;
				CLANG_WARN__DUPLICATE_METHOD_MATCH = YES;
				COPY_PHASE_STRIP = NO;
				DEBUG_INFORMATION_FORMAT = "dwarf-with-dsym";
				ENABLE_NS_ASSERTIONS = NO;
				ENABLE_STRICT_OBJC_MSGSEND = YES;
				GCC_C_LANGUAGE_STANDARD = gnu11;
				GCC_NO_COMMON_BLOCKS = YES;
				GCC_WARN_64_TO_32_BIT_CONVERSION = YES;
				GCC_WARN_ABOUT_RETURN_TYPE = YES_ERROR;
				GCC_WARN_UNDECLARED_SELECTOR = YES;
				GCC_WARN_UNINITIALIZED_AUTOS = YES_AGGRESSIVE;
				GCC_WARN_UNUSED_FUNCTION = YES;
				GCC_WARN_UNUSED_VARIABLE = YES;
				IPHONEOS_DEPLOYMENT_TARGET = 15.4;
				MTL_ENABLE_DEBUG_INFO = NO;
				MTL_FAST_MATH = YES;
				SDKROOT = iphoneos;
				SWIFT_COMPILATION_MODE = wholemodule;
				SWIFT_OPTIMIZATION_LEVEL = "-O";
				VALIDATE_PRODUCT = YES;
			};
			name = Release;
		};
		5E04127B284E1D6500E4EEA6 /* Debug */ = {
			isa = XCBuildConfiguration;
			baseConfigurationReference = 9F1A329C8C955BB060876F84 /* Pods-ContactProject.debug.xcconfig */;
			buildSettings = {
				ASSETCATALOG_COMPILER_APPICON_NAME = AppIcon;
				ASSETCATALOG_COMPILER_GLOBAL_ACCENT_COLOR_NAME = AccentColor;
				CODE_SIGN_STYLE = Automatic;
				CURRENT_PROJECT_VERSION = 1;
				DEVELOPMENT_TEAM = HD52QV763M;
				GENERATE_INFOPLIST_FILE = YES;
				INFOPLIST_FILE = ContactProject/Info.plist;
				INFOPLIST_KEY_UIApplicationSupportsIndirectInputEvents = YES;
				INFOPLIST_KEY_UILaunchStoryboardName = LaunchScreen;
				INFOPLIST_KEY_UIMainStoryboardFile = Main;
				INFOPLIST_KEY_UISupportedInterfaceOrientations_iPad = "UIInterfaceOrientationPortrait UIInterfaceOrientationPortraitUpsideDown UIInterfaceOrientationLandscapeLeft UIInterfaceOrientationLandscapeRight";
				INFOPLIST_KEY_UISupportedInterfaceOrientations_iPhone = "UIInterfaceOrientationPortrait UIInterfaceOrientationLandscapeLeft UIInterfaceOrientationLandscapeRight";
				LD_RUNPATH_SEARCH_PATHS = (
					"$(inherited)",
					"@executable_path/Frameworks",
				);
				MARKETING_VERSION = 1.0;
				PRODUCT_BUNDLE_IDENTIFIER = Zozo.ContactProject;
				PRODUCT_NAME = "$(TARGET_NAME)";
				SWIFT_EMIT_LOC_STRINGS = YES;
				SWIFT_VERSION = 5.0;
				TARGETED_DEVICE_FAMILY = "1,2";
			};
			name = Debug;
		};
		5E04127C284E1D6500E4EEA6 /* Release */ = {
			isa = XCBuildConfiguration;
			baseConfigurationReference = E4492F96F3FC9AF5CEE406CD /* Pods-ContactProject.release.xcconfig */;
			buildSettings = {
				ASSETCATALOG_COMPILER_APPICON_NAME = AppIcon;
				ASSETCATALOG_COMPILER_GLOBAL_ACCENT_COLOR_NAME = AccentColor;
				CODE_SIGN_STYLE = Automatic;
				CURRENT_PROJECT_VERSION = 1;
				DEVELOPMENT_TEAM = HD52QV763M;
				GENERATE_INFOPLIST_FILE = YES;
				INFOPLIST_FILE = ContactProject/Info.plist;
				INFOPLIST_KEY_UIApplicationSupportsIndirectInputEvents = YES;
				INFOPLIST_KEY_UILaunchStoryboardName = LaunchScreen;
				INFOPLIST_KEY_UIMainStoryboardFile = Main;
				INFOPLIST_KEY_UISupportedInterfaceOrientations_iPad = "UIInterfaceOrientationPortrait UIInterfaceOrientationPortraitUpsideDown UIInterfaceOrientationLandscapeLeft UIInterfaceOrientationLandscapeRight";
				INFOPLIST_KEY_UISupportedInterfaceOrientations_iPhone = "UIInterfaceOrientationPortrait UIInterfaceOrientationLandscapeLeft UIInterfaceOrientationLandscapeRight";
				LD_RUNPATH_SEARCH_PATHS = (
					"$(inherited)",
					"@executable_path/Frameworks",
				);
				MARKETING_VERSION = 1.0;
				PRODUCT_BUNDLE_IDENTIFIER = Zozo.ContactProject;
				PRODUCT_NAME = "$(TARGET_NAME)";
				SWIFT_EMIT_LOC_STRINGS = YES;
				SWIFT_VERSION = 5.0;
				TARGETED_DEVICE_FAMILY = "1,2";
			};
			name = Release;
		};
/* End XCBuildConfiguration section */

/* Begin XCConfigurationList section */
		5E04125E284E1D6100E4EEA6 /* Build configuration list for PBXProject "ContactProject" */ = {
			isa = XCConfigurationList;
			buildConfigurations = (
				5E041278284E1D6500E4EEA6 /* Debug */,
				5E041279284E1D6500E4EEA6 /* Release */,
			);
			defaultConfigurationIsVisible = 0;
			defaultConfigurationName = Release;
		};
		5E04127A284E1D6500E4EEA6 /* Build configuration list for PBXNativeTarget "ContactProject" */ = {
			isa = XCConfigurationList;
			buildConfigurations = (
				5E04127B284E1D6500E4EEA6 /* Debug */,
				5E04127C284E1D6500E4EEA6 /* Release */,
			);
			defaultConfigurationIsVisible = 0;
			defaultConfigurationName = Release;
		};
/* End XCConfigurationList section */

/* Begin XCVersionGroup section */
		5E04126F284E1D6100E4EEA6 /* ContactProject.xcdatamodeld */ = {
			isa = XCVersionGroup;
			children = (
				5E041270284E1D6100E4EEA6 /* ContactProject.xcdatamodel */,
			);
			currentVersion = 5E041270284E1D6100E4EEA6 /* ContactProject.xcdatamodel */;
			path = ContactProject.xcdatamodeld;
			sourceTree = "<group>";
			versionGroupType = wrapper.xcdatamodel;
		};
/* End XCVersionGroup section */
	};
	rootObject = 5E04125B284E1D6100E4EEA6 /* Project object */;
}
