// !$*UTF8*$!
{
	archiveVersion = 1;
	classes = {
	};
	objectVersion = 55;
	objects = {

/* Begin PBXBuildFile section */
		5E78634F2851D20C00A4D199 /* AppDelegate.swift in Sources */ = {isa = PBXBuildFile; fileRef = 5E78634E2851D20C00A4D199 /* AppDelegate.swift */; };
		5E7863512851D20C00A4D199 /* SceneDelegate.swift in Sources */ = {isa = PBXBuildFile; fileRef = 5E7863502851D20C00A4D199 /* SceneDelegate.swift */; };
		5E7863532851D20C00A4D199 /* ViewController.swift in Sources */ = {isa = PBXBuildFile; fileRef = 5E7863522851D20C00A4D199 /* ViewController.swift */; };
		5E7863562851D20C00A4D199 /* Main.storyboard in Resources */ = {isa = PBXBuildFile; fileRef = 5E7863542851D20C00A4D199 /* Main.storyboard */; };
		5E7863592851D20C00A4D199 /* Contacta.xcdatamodeld in Sources */ = {isa = PBXBuildFile; fileRef = 5E7863572851D20C00A4D199 /* Contacta.xcdatamodeld */; };
		5E78635B2851D21000A4D199 /* Assets.xcassets in Resources */ = {isa = PBXBuildFile; fileRef = 5E78635A2851D21000A4D199 /* Assets.xcassets */; };
		5E78635E2851D21000A4D199 /* LaunchScreen.storyboard in Resources */ = {isa = PBXBuildFile; fileRef = 5E78635C2851D21000A4D199 /* LaunchScreen.storyboard */; };
		5E7863662851DA6B00A4D199 /* AddContact.swift in Sources */ = {isa = PBXBuildFile; fileRef = 5E7863652851DA6B00A4D199 /* AddContact.swift */; };
/* End PBXBuildFile section */

/* Begin PBXFileReference section */
		5E78634B2851D20C00A4D199 /* Contacta.app */ = {isa = PBXFileReference; explicitFileType = wrapper.application; includeInIndex = 0; path = Contacta.app; sourceTree = BUILT_PRODUCTS_DIR; };
		5E78634E2851D20C00A4D199 /* AppDelegate.swift */ = {isa = PBXFileReference; lastKnownFileType = sourcecode.swift; path = AppDelegate.swift; sourceTree = "<group>"; };
		5E7863502851D20C00A4D199 /* SceneDelegate.swift */ = {isa = PBXFileReference; lastKnownFileType = sourcecode.swift; path = SceneDelegate.swift; sourceTree = "<group>"; };
		5E7863522851D20C00A4D199 /* ViewController.swift */ = {isa = PBXFileReference; lastKnownFileType = sourcecode.swift; path = ViewController.swift; sourceTree = "<group>"; };
		5E7863552851D20C00A4D199 /* Base */ = {isa = PBXFileReference; lastKnownFileType = file.storyboard; name = Base; path = Base.lproj/Main.storyboard; sourceTree = "<group>"; };
		5E7863582851D20C00A4D199 /* Contacta.xcdatamodel */ = {isa = PBXFileReference; lastKnownFileType = wrapper.xcdatamodel; path = Contacta.xcdatamodel; sourceTree = "<group>"; };
		5E78635A2851D21000A4D199 /* Assets.xcassets */ = {isa = PBXFileReference; lastKnownFileType = folder.assetcatalog; path = Assets.xcassets; sourceTree = "<group>"; };
		5E78635D2851D21000A4D199 /* Base */ = {isa = PBXFileReference; lastKnownFileType = file.storyboard; name = Base; path = Base.lproj/LaunchScreen.storyboard; sourceTree = "<group>"; };
		5E78635F2851D21000A4D199 /* Info.plist */ = {isa = PBXFileReference; lastKnownFileType = text.plist.xml; path = Info.plist; sourceTree = "<group>"; };
		5E7863652851DA6B00A4D199 /* AddContact.swift */ = {isa = PBXFileReference; lastKnownFileType = sourcecode.swift; path = AddContact.swift; sourceTree = "<group>"; };
/* End PBXFileReference section */

/* Begin PBXFrameworksBuildPhase section */
		5E7863482851D20C00A4D199 /* Frameworks */ = {
			isa = PBXFrameworksBuildPhase;
			buildActionMask = 2147483647;
			files = (
			);
			runOnlyForDeploymentPostprocessing = 0;
		};
/* End PBXFrameworksBuildPhase section */

/* Begin PBXGroup section */
		5E7863422851D20C00A4D199 = {
			isa = PBXGroup;
			children = (
				5E78634D2851D20C00A4D199 /* Contacta */,
				5E78634C2851D20C00A4D199 /* Products */,
			);
			sourceTree = "<group>";
		};
		5E78634C2851D20C00A4D199 /* Products */ = {
			isa = PBXGroup;
			children = (
				5E78634B2851D20C00A4D199 /* Contacta.app */,
			);
			name = Products;
			sourceTree = "<group>";
		};
		5E78634D2851D20C00A4D199 /* Contacta */ = {
			isa = PBXGroup;
			children = (
				5E78634E2851D20C00A4D199 /* AppDelegate.swift */,
				5E7863502851D20C00A4D199 /* SceneDelegate.swift */,
				5E7863522851D20C00A4D199 /* ViewController.swift */,
				5E7863652851DA6B00A4D199 /* AddContact.swift */,
				5E7863542851D20C00A4D199 /* Main.storyboard */,
				5E78635A2851D21000A4D199 /* Assets.xcassets */,
				5E78635C2851D21000A4D199 /* LaunchScreen.storyboard */,
				5E78635F2851D21000A4D199 /* Info.plist */,
				5E7863572851D20C00A4D199 /* Contacta.xcdatamodeld */,
			);
			path = Contacta;
			sourceTree = "<group>";
		};
/* End PBXGroup section */

/* Begin PBXNativeTarget section */
		5E78634A2851D20C00A4D199 /* Contacta */ = {
			isa = PBXNativeTarget;
			buildConfigurationList = 5E7863622851D21000A4D199 /* Build configuration list for PBXNativeTarget "Contacta" */;
			buildPhases = (
				5E7863472851D20C00A4D199 /* Sources */,
				5E7863482851D20C00A4D199 /* Frameworks */,
				5E7863492851D20C00A4D199 /* Resources */,
			);
			buildRules = (
			);
			dependencies = (
			);
			name = Contacta;
			productName = Contacta;
			productReference = 5E78634B2851D20C00A4D199 /* Contacta.app */;
			productType = "com.apple.product-type.application";
		};
/* End PBXNativeTarget section */

/* Begin PBXProject section */
		5E7863432851D20C00A4D199 /* Project object */ = {
			isa = PBXProject;
			attributes = {
				BuildIndependentTargetsInParallel = 1;
				LastSwiftUpdateCheck = 1330;
				LastUpgradeCheck = 1330;
				TargetAttributes = {
					5E78634A2851D20C00A4D199 = {
						CreatedOnToolsVersion = 13.3;
					};
				};
			};
			buildConfigurationList = 5E7863462851D20C00A4D199 /* Build configuration list for PBXProject "Contacta" */;
			compatibilityVersion = "Xcode 13.0";
			developmentRegion = en;
			hasScannedForEncodings = 0;
			knownRegions = (
				en,
				Base,
			);
			mainGroup = 5E7863422851D20C00A4D199;
			productRefGroup = 5E78634C2851D20C00A4D199 /* Products */;
			projectDirPath = "";
			projectRoot = "";
			targets = (
				5E78634A2851D20C00A4D199 /* Contacta */,
			);
		};
/* End PBXProject section */

/* Begin PBXResourcesBuildPhase section */
		5E7863492851D20C00A4D199 /* Resources */ = {
			isa = PBXResourcesBuildPhase;
			buildActionMask = 2147483647;
			files = (
				5E78635E2851D21000A4D199 /* LaunchScreen.storyboard in Resources */,
				5E78635B2851D21000A4D199 /* Assets.xcassets in Resources */,
				5E7863562851D20C00A4D199 /* Main.storyboard in Resources */,
			);
			runOnlyForDeploymentPostprocessing = 0;
		};
/* End PBXResourcesBuildPhase section */

/* Begin PBXSourcesBuildPhase section */
		5E7863472851D20C00A4D199 /* Sources */ = {
			isa = PBXSourcesBuildPhase;
			buildActionMask = 2147483647;
			files = (
				5E7863532851D20C00A4D199 /* ViewController.swift in Sources */,
				5E78634F2851D20C00A4D199 /* AppDelegate.swift in Sources */,
				5E7863662851DA6B00A4D199 /* AddContact.swift in Sources */,
				5E7863592851D20C00A4D199 /* Contacta.xcdatamodeld in Sources */,
				5E7863512851D20C00A4D199 /* SceneDelegate.swift in Sources */,
			);
			runOnlyForDeploymentPostprocessing = 0;
		};
/* End PBXSourcesBuildPhase section */

/* Begin PBXVariantGroup section */
		5E7863542851D20C00A4D199 /* Main.storyboard */ = {
			isa = PBXVariantGroup;
			children = (
				5E7863552851D20C00A4D199 /* Base */,
			);
			name = Main.storyboard;
			sourceTree = "<group>";
		};
		5E78635C2851D21000A4D199 /* LaunchScreen.storyboard */ = {
			isa = PBXVariantGroup;
			children = (
				5E78635D2851D21000A4D199 /* Base */,
			);
			name = LaunchScreen.storyboard;
			sourceTree = "<group>";
		};
/* End PBXVariantGroup section */

/* Begin XCBuildConfiguration section */
		5E7863602851D21000A4D199 /* Debug */ = {
			isa = XCBuildConfiguration;
			buildSettings = {
				ALWAYS_SEARCH_USER_PATHS = NO;
				CLANG_ANALYZER_NONNULL = YES;
				CLANG_ANALYZER_NUMBER_OBJECT_CONVERSION = YES_AGGRESSIVE;
				CLANG_CXX_LANGUAGE_STANDARD = "gnu++17";
				CLANG_ENABLE_MODULES = YES;
				CLANG_ENABLE_OBJC_ARC = YES;
				CLANG_ENABLE_OBJC_WEAK = YES;
				CLANG_WARN_BLOCK_CAPTURE_AUTORELEASING = YES;
				CLANG_WARN_BOOL_CONVERSION = YES;
				CLANG_WARN_COMMA = YES;
				CLANG_WARN_CONSTANT_CONVERSION = YES;
				CLANG_WARN_DEPRECATED_OBJC_IMPLEMENTATIONS = YES;
				CLANG_WARN_DIRECT_OBJC_ISA_USAGE = YES_ERROR;
				CLANG_WARN_DOCUMENTATION_COMMENTS = YES;
				CLANG_WARN_EMPTY_BODY = YES;
				CLANG_WARN_ENUM_CONVERSION = YES;
				CLANG_WARN_INFINITE_RECURSION = YES;
				CLANG_WARN_INT_CONVERSION = YES;
				CLANG_WARN_NON_LITERAL_NULL_CONVERSION = YES;
				CLANG_WARN_OBJC_IMPLICIT_RETAIN_SELF = YES;
				CLANG_WARN_OBJC_LITERAL_CONVERSION = YES;
				CLANG_WARN_OBJC_ROOT_CLASS = YES_ERROR;
				CLANG_WARN_QUOTED_INCLUDE_IN_FRAMEWORK_HEADER = YES;
				CLANG_WARN_RANGE_LOOP_ANALYSIS = YES;
				CLANG_WARN_STRICT_PROTOTYPES = YES;
				CLANG_WARN_SUSPICIOUS_MOVE = YES;
				CLANG_WARN_UNGUARDED_AVAILABILITY = YES_AGGRESSIVE;
				CLANG_WARN_UNREACHABLE_CODE = YES;
				CLANG_WARN__DUPLICATE_METHOD_MATCH = YES;
				COPY_PHASE_STRIP = NO;
				DEBUG_INFORMATION_FORMAT = dwarf;
				ENABLE_STRICT_OBJC_MSGSEND = YES;
				ENABLE_TESTABILITY = YES;
				GCC_C_LANGUAGE_STANDARD = gnu11;
				GCC_DYNAMIC_NO_PIC = NO;
				GCC_NO_COMMON_BLOCKS = YES;
				GCC_OPTIMIZATION_LEVEL = 0;
				GCC_PREPROCESSOR_DEFINITIONS = (
					"DEBUG=1",
					"$(inherited)",
				);
				GCC_WARN_64_TO_32_BIT_CONVERSION = YES;
				GCC_WARN_ABOUT_RETURN_TYPE = YES_ERROR;
				GCC_WARN_UNDECLARED_SELECTOR = YES;
				GCC_WARN_UNINITIALIZED_AUTOS = YES_AGGRESSIVE;
				GCC_WARN_UNUSED_FUNCTION = YES;
				GCC_WARN_UNUSED_VARIABLE = YES;
				IPHONEOS_DEPLOYMENT_TARGET = 15.4;
				MTL_ENABLE_DEBUG_INFO = INCLUDE_SOURCE;
				MTL_FAST_MATH = YES;
				ONLY_ACTIVE_ARCH = YES;
				SDKROOT = iphoneos;
				SWIFT_ACTIVE_COMPILATION_CONDITIONS = DEBUG;
				SWIFT_OPTIMIZATION_LEVEL = "-Onone";
			};
			name = Debug;
		};
		5E7863612851D21000A4D199 /* Release */ = {
			isa = XCBuildConfiguration;
			buildSettings = {
				ALWAYS_SEARCH_USER_PATHS = NO;
				CLANG_ANALYZER_NONNULL = YES;
				CLANG_ANALYZER_NUMBER_OBJECT_CONVERSION = YES_AGGRESSIVE;
				CLANG_CXX_LANGUAGE_STANDARD = "gnu++17";
				CLANG_ENABLE_MODULES = YES;
				CLANG_ENABLE_OBJC_ARC = YES;
				CLANG_ENABLE_OBJC_WEAK = YES;
				CLANG_WARN_BLOCK_CAPTURE_AUTORELEASING = YES;
				CLANG_WARN_BOOL_CONVERSION = YES;
				CLANG_WARN_COMMA = YES;
				CLANG_WARN_CONSTANT_CONVERSION = YES;
				CLANG_WARN_DEPRECATED_OBJC_IMPLEMENTATIONS = YES;
				CLANG_WARN_DIRECT_OBJC_ISA_USAGE = YES_ERROR;
				CLANG_WARN_DOCUMENTATION_COMMENTS = YES;
				CLANG_WARN_EMPTY_BODY = YES;
				CLANG_WARN_ENUM_CONVERSION = YES;
				CLANG_WARN_INFINITE_RECURSION = YES;
				CLANG_WARN_INT_CONVERSION = YES;
				CLANG_WARN_NON_LITERAL_NULL_CONVERSION = YES;
				CLANG_WARN_OBJC_IMPLICIT_RETAIN_SELF = YES;
				CLANG_WARN_OBJC_LITERAL_CONVERSION = YES;
				CLANG_WARN_OBJC_ROOT_CLASS = YES_ERROR;
				CLANG_WARN_QUOTED_INCLUDE_IN_FRAMEWORK_HEADER = YES;
				CLANG_WARN_RANGE_LOOP_ANALYSIS = YES;
				CLANG_WARN_STRICT_PROTOTYPES = YES;
				CLANG_WARN_SUSPICIOUS_MOVE = YES;
				CLANG_WARN_UNGUARDED_AVAILABILITY = YES_AGGRESSIVE;
				CLANG_WARN_UNREACHABLE_CODE = YES;
				CLANG_WARN__DUPLICATE_METHOD_MATCH = YES;
				COPY_PHASE_STRIP = NO;
				DEBUG_INFORMATION_FORMAT = "dwarf-with-dsym";
				ENABLE_NS_ASSERTIONS = NO;
				ENABLE_STRICT_OBJC_MSGSEND = YES;
				GCC_C_LANGUAGE_STANDARD = gnu11;
				GCC_NO_COMMON_BLOCKS = YES;
				GCC_WARN_64_TO_32_BIT_CONVERSION = YES;
				GCC_WARN_ABOUT_RETURN_TYPE = YES_ERROR;
				GCC_WARN_UNDECLARED_SELECTOR = YES;
				GCC_WARN_UNINITIALIZED_AUTOS = YES_AGGRESSIVE;
				GCC_WARN_UNUSED_FUNCTION = YES;
				GCC_WARN_UNUSED_VARIABLE = YES;
				IPHONEOS_DEPLOYMENT_TARGET = 15.4;
				MTL_ENABLE_DEBUG_INFO = NO;
				MTL_FAST_MATH = YES;
				SDKROOT = iphoneos;
				SWIFT_COMPILATION_MODE = wholemodule;
				SWIFT_OPTIMIZATION_LEVEL = "-O";
				VALIDATE_PRODUCT = YES;
			};
			name = Release;
		};
		5E7863632851D21000A4D199 /* Debug */ = {
			isa = XCBuildConfiguration;
			buildSettings = {
				ASSETCATALOG_COMPILER_APPICON_NAME = AppIcon;
				ASSETCATALOG_COMPILER_GLOBAL_ACCENT_COLOR_NAME = AccentColor;
				CODE_SIGN_STYLE = Automatic;
				CURRENT_PROJECT_VERSION = 1;
				DEVELOPMENT_TEAM = HD52QV763M;
				GENERATE_INFOPLIST_FILE = YES;
				INFOPLIST_FILE = Contacta/Info.plist;
				INFOPLIST_KEY_UIApplicationSupportsIndirectInputEvents = YES;
				INFOPLIST_KEY_UILaunchStoryboardName = LaunchScreen;
				INFOPLIST_KEY_UIMainStoryboardFile = Main;
				INFOPLIST_KEY_UISupportedInterfaceOrientations_iPad = "UIInterfaceOrientationPortrait UIInterfaceOrientationPortraitUpsideDown UIInterfaceOrientationLandscapeLeft UIInterfaceOrientationLandscapeRight";
				INFOPLIST_KEY_UISupportedInterfaceOrientations_iPhone = "UIInterfaceOrientationPortrait UIInterfaceOrientationLandscapeLeft UIInterfaceOrientationLandscapeRight";
				LD_RUNPATH_SEARCH_PATHS = (
					"$(inherited)",
					"@executable_path/Frameworks",
				);
				MARKETING_VERSION = 1.0;
				PRODUCT_BUNDLE_IDENTIFIER = Zozo.Contacta;
				PRODUCT_NAME = "$(TARGET_NAME)";
				SWIFT_EMIT_LOC_STRINGS = YES;
				SWIFT_VERSION = 5.0;
				TARGETED_DEVICE_FAMILY = "1,2";
			};
			name = Debug;
		};
		5E7863642851D21000A4D199 /* Release */ = {
			isa = XCBuildConfiguration;
			buildSettings = {
				ASSETCATALOG_COMPILER_APPICON_NAME = AppIcon;
				ASSETCATALOG_COMPILER_GLOBAL_ACCENT_COLOR_NAME = AccentColor;
				CODE_SIGN_STYLE = Automatic;
				CURRENT_PROJECT_VERSION = 1;
				DEVELOPMENT_TEAM = HD52QV763M;
				GENERATE_INFOPLIST_FILE = YES;
				INFOPLIST_FILE = Contacta/Info.plist;
				INFOPLIST_KEY_UIApplicationSupportsIndirectInputEvents = YES;
				INFOPLIST_KEY_UILaunchStoryboardName = LaunchScreen;
				INFOPLIST_KEY_UIMainStoryboardFile = Main;
				INFOPLIST_KEY_UISupportedInterfaceOrientations_iPad = "UIInterfaceOrientationPortrait UIInterfaceOrientationPortraitUpsideDown UIInterfaceOrientationLandscapeLeft UIInterfaceOrientationLandscapeRight";
				INFOPLIST_KEY_UISupportedInterfaceOrientations_iPhone = "UIInterfaceOrientationPortrait UIInterfaceOrientationLandscapeLeft UIInterfaceOrientationLandscapeRight";
				LD_RUNPATH_SEARCH_PATHS = (
					"$(inherited)",
					"@executable_path/Frameworks",
				);
				MARKETING_VERSION = 1.0;
				PRODUCT_BUNDLE_IDENTIFIER = Zozo.Contacta;
				PRODUCT_NAME = "$(TARGET_NAME)";
				SWIFT_EMIT_LOC_STRINGS = YES;
				SWIFT_VERSION = 5.0;
				TARGETED_DEVICE_FAMILY = "1,2";
			};
			name = Release;
		};
/* End XCBuildConfiguration section */

/* Begin XCConfigurationList section */
		5E7863462851D20C00A4D199 /* Build configuration list for PBXProject "Contacta" */ = {
			isa = XCConfigurationList;
			buildConfigurations = (
				5E7863602851D21000A4D199 /* Debug */,
				5E7863612851D21000A4D199 /* Release */,
			);
			defaultConfigurationIsVisible = 0;
			defaultConfigurationName = Release;
		};
		5E7863622851D21000A4D199 /* Build configuration list for PBXNativeTarget "Contacta" */ = {
			isa = XCConfigurationList;
			buildConfigurations = (
				5E7863632851D21000A4D199 /* Debug */,
				5E7863642851D21000A4D199 /* Release */,
			);
			defaultConfigurationIsVisible = 0;
			defaultConfigurationName = Release;
		};
/* End XCConfigurationList section */

/* Begin XCVersionGroup section */
		5E7863572851D20C00A4D199 /* Contacta.xcdatamodeld */ = {
			isa = XCVersionGroup;
			children = (
				5E7863582851D20C00A4D199 /* Contacta.xcdatamodel */,
			);
			currentVersion = 5E7863582851D20C00A4D199 /* Contacta.xcdatamodel */;
			path = Contacta.xcdatamodeld;
			sourceTree = "<group>";
			versionGroupType = wrapper.xcdatamodel;
		};
/* End XCVersionGroup section */
	};
	rootObject = 5E7863432851D20C00A4D199 /* Project object */;
}
